// !$*UTF8*$!
{
	archiveVersion = 1;
	classes = {
	};
	objectVersion = 56;
	objects = {

/* Begin PBXBuildFile section */
		A10000000000000000000001 /* LumiApp.swift in Sources */ = {isa = PBXBuildFile; fileRef = B10000000000000000000001 /* LumiApp.swift */; };
		A10000000000000000000002 /* Preview.swift in Sources */ = {isa = PBXBuildFile; fileRef = B10000000000000000000002 /* Preview.swift */; };
		A10000000000000000000003 /* ChatModels.swift in Sources */ = {isa = PBXBuildFile; fileRef = B10000000000000000000003 /* ChatModels.swift */; };
		A10000000000000000000004 /* LumiAPIClient.swift in Sources */ = {isa = PBXBuildFile; fileRef = B10000000000000000000004 /* LumiAPIClient.swift */; };
		A10000000000000000000005 /* ChatViewModel.swift in Sources */ = {isa = PBXBuildFile; fileRef = B10000000000000000000005 /* ChatViewModel.swift */; };
		A10000000000000000000006 /* ChatDetailView.swift in Sources */ = {isa = PBXBuildFile; fileRef = B10000000000000000000006 /* ChatDetailView.swift */; };
		A10000000000000000000007 /* UserAvatar.jpg in Resources */ = {isa = PBXBuildFile; fileRef = B10000000000000000000008 /* UserAvatar.jpg */; };
		A10000000000000000000008 /* AssistantAvatar.jpg in Resources */ = {isa = PBXBuildFile; fileRef = B10000000000000000000009 /* AssistantAvatar.jpg */; };
		A10000000000000000000009 /* Assets.xcassets in Resources */ = {isa = PBXBuildFile; fileRef = B10000000000000000000010 /* Assets.xcassets */; };
		A10000000000000000000010 /* TogetherGalleryStore.swift in Sources */ = {isa = PBXBuildFile; fileRef = B10000000000000000000011 /* TogetherGalleryStore.swift */; };
		A10000000000000000000011 /* TogetherView.swift in Sources */ = {isa = PBXBuildFile; fileRef = B10000000000000000000012 /* TogetherView.swift */; };
		A10000000000000000000012 /* ClawdPetView.swift in Sources */ = {isa = PBXBuildFile; fileRef = B10000000000000000000013 /* ClawdPetView.swift */; };
		A10000000000000000000013 /* PetAssets in Resources */ = {isa = PBXBuildFile; fileRef = B10000000000000000000014 /* PetAssets */; };
		A10000000000000000000014 /* top-icon-together.png in Resources */ = {isa = PBXBuildFile; fileRef = B10000000000000000000015 /* top-icon-together.png */; };
		A10000000000000000000015 /* top-icon-phone.png in Resources */ = {isa = PBXBuildFile; fileRef = B10000000000000000000016 /* top-icon-phone.png */; };
		A10000000000000000000016 /* top-icon-settings.png in Resources */ = {isa = PBXBuildFile; fileRef = B10000000000000000000017 /* top-icon-settings.png */; };
		A10000000000000000000017 /* BroadcastPickerView.swift in Sources */ = {isa = PBXBuildFile; fileRef = B10000000000000000000018 /* BroadcastPickerView.swift */; };
		A10000000000000000000018 /* LumiBroadcastUploadHandler.swift in Sources */ = {isa = PBXBuildFile; fileRef = B10000000000000000000019 /* LumiBroadcastUploadHandler.swift */; };
		A10000000000000000000019 /* LumiBroadcastUpload.appex in Embed Broadcast Upload */ = {isa = PBXBuildFile; fileRef = B10000000000000000000020 /* LumiBroadcastUpload.appex */; settings = {ATTRIBUTES = (RemoveHeadersOnCopy, ); }; };
		A10000000000000000000020 /* LumiWidget.swift in Sources */ = {isa = PBXBuildFile; fileRef = B10000000000000000000022 /* LumiWidget.swift */; };
		A10000000000000000000021 /* NotificationService.swift in Sources */ = {isa = PBXBuildFile; fileRef = B10000000000000000000025 /* NotificationService.swift */; };
		A10000000000000000000022 /* AssistantAvatar.jpg in Notification Resources */ = {isa = PBXBuildFile; fileRef = B10000000000000000000009 /* AssistantAvatar.jpg */; };
		A10000000000000000000023 /* LumiNotificationService.appex in Embed Notification Service */ = {isa = PBXBuildFile; fileRef = B10000000000000000000027 /* LumiNotificationService.appex */; settings = {ATTRIBUTES = (RemoveHeadersOnCopy, ); }; };
		A10000000000000000000024 /* LumiWidget.appex in Embed Widget */ = {isa = PBXBuildFile; fileRef = B10000000000000000000024 /* LumiWidget.appex */; settings = {ATTRIBUTES = (RemoveHeadersOnCopy, ); }; };
/* End PBXBuildFile section */

/* Begin PBXContainerItemProxy section */
		F10000000000000000000001 /* Proxy for LumiBroadcastUpload */ = {isa = PBXContainerItemProxy; containerPortal = D10000000000000000000003 /* Project object */; proxyType = 1; remoteGlobalIDString = D10000000000000000000005; remoteInfo = LumiBroadcastUpload; };
		F10000000000000000000004 /* Proxy for LumiNotificationService */ = {isa = PBXContainerItemProxy; containerPortal = D10000000000000000000003 /* Project object */; proxyType = 1; remoteGlobalIDString = D10000000000000000000009; remoteInfo = LumiNotificationService; };
		F10000000000000000000005 /* Proxy for LumiWidget */ = {isa = PBXContainerItemProxy; containerPortal = D10000000000000000000003 /* Project object */; proxyType = 1; remoteGlobalIDString = D10000000000000000000007; remoteInfo = LumiWidget; };
/* End PBXContainerItemProxy section */

/* Begin PBXFileReference section */
		B10000000000000000000001 /* LumiApp.swift */ = {isa = PBXFileReference; lastKnownFileType = sourcecode.swift; path = LumiApp.swift; sourceTree = "<group>"; };
		B10000000000000000000002 /* Preview.swift */ = {isa = PBXFileReference; lastKnownFileType = sourcecode.swift; path = Preview.swift; sourceTree = "<group>"; };
		B10000000000000000000003 /* ChatModels.swift */ = {isa = PBXFileReference; lastKnownFileType = sourcecode.swift; path = ChatModels.swift; sourceTree = "<group>"; };
		B10000000000000000000004 /* LumiAPIClient.swift */ = {isa = PBXFileReference; lastKnownFileType = sourcecode.swift; path = LumiAPIClient.swift; sourceTree = "<group>"; };
		B10000000000000000000005 /* ChatViewModel.swift */ = {isa = PBXFileReference; lastKnownFileType = sourcecode.swift; path = ChatViewModel.swift; sourceTree = "<group>"; };
		B10000000000000000000006 /* ChatDetailView.swift */ = {isa = PBXFileReference; lastKnownFileType = sourcecode.swift; path = ChatDetailView.swift; sourceTree = "<group>"; };
		B10000000000000000000007 /* Lumi.app */ = {isa = PBXFileReference; explicitFileType = wrapper.application; includeInIndex = 0; path = Lumi.app; sourceTree = BUILT_PRODUCTS_DIR; };
		B10000000000000000000008 /* UserAvatar.jpg */ = {isa = PBXFileReference; lastKnownFileType = image.jpeg; path = UserAvatar.jpg; sourceTree = "<group>"; };
		B10000000000000000000009 /* AssistantAvatar.jpg */ = {isa = PBXFileReference; lastKnownFileType = image.jpeg; path = AssistantAvatar.jpg; sourceTree = "<group>"; };
		B10000000000000000000010 /* Assets.xcassets */ = {isa = PBXFileReference; lastKnownFileType = folder.assetcatalog; path = Assets.xcassets; sourceTree = "<group>"; };
		B10000000000000000000011 /* TogetherGalleryStore.swift */ = {isa = PBXFileReference; lastKnownFileType = sourcecode.swift; path = TogetherGalleryStore.swift; sourceTree = "<group>"; };
		B10000000000000000000012 /* TogetherView.swift */ = {isa = PBXFileReference; lastKnownFileType = sourcecode.swift; path = TogetherView.swift; sourceTree = "<group>"; };
		B10000000000000000000013 /* ClawdPetView.swift */ = {isa = PBXFileReference; lastKnownFileType = sourcecode.swift; path = ClawdPetView.swift; sourceTree = "<group>"; };
		B10000000000000000000014 /* PetAssets */ = {isa = PBXFileReference; lastKnownFileType = folder; path = PetAssets; sourceTree = "<group>"; };
		B10000000000000000000015 /* top-icon-together.png */ = {isa = PBXFileReference; lastKnownFileType = image.png; path = "top-icon-together.png"; sourceTree = "<group>"; };
		B10000000000000000000016 /* top-icon-phone.png */ = {isa = PBXFileReference; lastKnownFileType = image.png; path = "top-icon-phone.png"; sourceTree = "<group>"; };
		B10000000000000000000017 /* top-icon-settings.png */ = {isa = PBXFileReference; lastKnownFileType = image.png; path = "top-icon-settings.png"; sourceTree = "<group>"; };
		B10000000000000000000018 /* BroadcastPickerView.swift */ = {isa = PBXFileReference; lastKnownFileType = sourcecode.swift; path = BroadcastPickerView.swift; sourceTree = "<group>"; };
		B10000000000000000000019 /* LumiBroadcastUploadHandler.swift */ = {isa = PBXFileReference; lastKnownFileType = sourcecode.swift; path = LumiBroadcastUploadHandler.swift; sourceTree = "<group>"; };
		B10000000000000000000020 /* LumiBroadcastUpload.appex */ = {isa = PBXFileReference; explicitFileType = wrapper.app-extension; includeInIndex = 0; path = LumiBroadcastUpload.appex; sourceTree = BUILT_PRODUCTS_DIR; };
		B10000000000000000000021 /* Broadcast Info.plist */ = {isa = PBXFileReference; lastKnownFileType = text.plist.xml; path = Info.plist; sourceTree = "<group>"; };
		B10000000000000000000022 /* LumiWidget.swift */ = {isa = PBXFileReference; lastKnownFileType = sourcecode.swift; path = LumiWidget.swift; sourceTree = "<group>"; };
		B10000000000000000000023 /* LumiWidget Info.plist */ = {isa = PBXFileReference; lastKnownFileType = text.plist.xml; path = Info.plist; sourceTree = "<group>"; };
		B10000000000000000000024 /* LumiWidget.appex */ = {isa = PBXFileReference; explicitFileType = wrapper.app-extension; includeInIndex = 0; path = LumiWidget.appex; sourceTree = BUILT_PRODUCTS_DIR; };
		B10000000000000000000025 /* NotificationService.swift */ = {isa = PBXFileReference; lastKnownFileType = sourcecode.swift; path = NotificationService.swift; sourceTree = "<group>"; };
		B10000000000000000000026 /* Notification Service Info.plist */ = {isa = PBXFileReference; lastKnownFileType = text.plist.xml; path = Info.plist; sourceTree = "<group>"; };
		B10000000000000000000027 /* LumiNotificationService.appex */ = {isa = PBXFileReference; explicitFileType = wrapper.app-extension; includeInIndex = 0; path = LumiNotificationService.appex; sourceTree = BUILT_PRODUCTS_DIR; };
/* End PBXFileReference section */

/* Begin PBXFrameworksBuildPhase section */
		C10000000000000000000001 /* Frameworks */ = {
			isa = PBXFrameworksBuildPhase;
			buildActionMask = 2147483647;
			files = (
			);
			runOnlyForDeploymentPostprocessing = 0;
		};
		C10000000000000000000015 /* Broadcast */ = {
			isa = PBXGroup;
			children = (
				B10000000000000000000021 /* Broadcast Info.plist */,
				B10000000000000000000018 /* BroadcastPickerView.swift */,
				B10000000000000000000019 /* LumiBroadcastUploadHandler.swift */,
			);
			path = Broadcast;
			sourceTree = "<group>";
		};
		C10000000000000000000016 /* LumiWidget */ = { isa = PBXGroup; children = ( B10000000000000000000022 /* LumiWidget.swift */, B10000000000000000000023 /* LumiWidget Info.plist */, ); path = ../LumiWidget; sourceTree = "<group>"; };
		C10000000000000000000020 /* LumiNotificationService */ = { isa = PBXGroup; children = ( B10000000000000000000025 /* NotificationService.swift */, B10000000000000000000026 /* Notification Service Info.plist */, ); path = ../LumiNotificationService; sourceTree = "<group>"; };
/* End PBXFrameworksBuildPhase section */

/* Begin PBXGroup section */
		C10000000000000000000002 = {
			isa = PBXGroup;
			children = (
				C10000000000000000000008 /* Lumi */,
				C10000000000000000000007 /* Products */,
			);
			sourceTree = "<group>";
		};
		C10000000000000000000003 /* Models */ = {
			isa = PBXGroup;
			children = (
				B10000000000000000000003 /* ChatModels.swift */,
				B10000000000000000000011 /* TogetherGalleryStore.swift */,
			);
			path = Models;
			sourceTree = "<group>";
		};
		C10000000000000000000004 /* Services */ = {
			isa = PBXGroup;
			children = (
				B10000000000000000000004 /* LumiAPIClient.swift */,
			);
			path = Services;
			sourceTree = "<group>";
		};
		C10000000000000000000005 /* ViewModels */ = {
			isa = PBXGroup;
			children = (
				B10000000000000000000005 /* ChatViewModel.swift */,
			);
			path = ViewModels;
			sourceTree = "<group>";
		};
		C10000000000000000000006 /* Views */ = {
			isa = PBXGroup;
			children = (
				B10000000000000000000006 /* ChatDetailView.swift */,
				B10000000000000000000012 /* TogetherView.swift */,
				B10000000000000000000013 /* ClawdPetView.swift */,
			);
			path = Views;
			sourceTree = "<group>";
		};
		C10000000000000000000007 /* Products */ = {
			isa = PBXGroup;
			children = (
				B10000000000000000000007 /* Lumi.app */,
				B10000000000000000000020 /* LumiBroadcastUpload.appex */,
				B10000000000000000000024 /* LumiWidget.appex */,
				B10000000000000000000027 /* LumiNotificationService.appex */,
			);
			name = Products;
			sourceTree = "<group>";
		};
		C10000000000000000000008 /* Lumi */ = {
			isa = PBXGroup;
			children = (
				B10000000000000000000001 /* LumiApp.swift */,
				B10000000000000000000002 /* Preview.swift */,
				B10000000000000000000008 /* UserAvatar.jpg */,
				B10000000000000000000009 /* AssistantAvatar.jpg */,
				B10000000000000000000015 /* top-icon-together.jpg */,
				B10000000000000000000016 /* top-icon-phone.jpg */,
				B10000000000000000000017 /* top-icon-settings.jpg */,
				C10000000000000000000015 /* Broadcast */,
				C10000000000000000000016 /* LumiWidget */,
				C10000000000000000000020 /* LumiNotificationService */,
				B10000000000000000000010 /* Assets.xcassets */,
				B10000000000000000000014 /* PetAssets */,
				C10000000000000000000003 /* Models */,
				C10000000000000000000004 /* Services */,
				C10000000000000000000005 /* ViewModels */,
				C10000000000000000000006 /* Views */,
			);
			path = Lumi;
			sourceTree = "<group>";
		};
/* End PBXGroup section */

/* Begin PBXNativeTarget section */
		D10000000000000000000001 /* Lumi */ = {
			isa = PBXNativeTarget;
			buildConfigurationList = D10000000000000000000002 /* Build configuration list for PBXNativeTarget "Lumi" */;
			buildPhases = (
				C10000000000000000000009 /* Sources */,
				C10000000000000000000001 /* Frameworks */,
				C10000000000000000000010 /* Resources */,
				C10000000000000000000011 /* Embed Push API Token */,
				C10000000000000000000012 /* Embed Broadcast Upload */,
				C10000000000000000000024 /* Embed Notification Service */,
				C10000000000000000000025 /* Embed Widget */,
			);
			buildRules = (
			);
			dependencies = ( F10000000000000000000002 /* LumiBroadcastUpload */, F10000000000000000000003 /* LumiNotificationService */, F10000000000000000000006 /* LumiWidget */ );
			name = Lumi;
			productName = Lumi;
			productReference = B10000000000000000000007 /* Lumi.app */;
			productType = "com.apple.product-type.application";
		};
		D10000000000000000000005 /* LumiBroadcastUpload */ = {
			isa = PBXNativeTarget;
			buildConfigurationList = D10000000000000000000006 /* Build configuration list for PBXNativeTarget "LumiBroadcastUpload" */;
			buildPhases = (
				C10000000000000000000013 /* Broadcast Sources */,
				C10000000000000000000014 /* Broadcast Frameworks */,
			);
			buildRules = ();
			dependencies = ();
			name = LumiBroadcastUpload;
			productName = LumiBroadcastUpload;
			productReference = B10000000000000000000020 /* LumiBroadcastUpload.appex */;
			productType = "com.apple.product-type.app-extension";
		};
		D10000000000000000000007 /* LumiWidget */ = { isa = PBXNativeTarget; buildConfigurationList = D10000000000000000000008 /* Build configuration list for LumiWidget */; buildPhases = ( C10000000000000000000017 /* Widget Sources */, C10000000000000000000018 /* Widget Frameworks */, C10000000000000000000019 /* Widget Resources */, ); buildRules = (); dependencies = (); name = LumiWidget; productName = LumiWidget; productReference = B10000000000000000000024 /* LumiWidget.appex */; productType = "com.apple.product-type.app-extension"; };
		D10000000000000000000009 /* LumiNotificationService */ = { isa = PBXNativeTarget; buildConfigurationList = D10000000000000000000010 /* Build configuration list for NotificationService */; buildPhases = ( C10000000000000000000021 /* Notification Sources */, C10000000000000000000022 /* Notification Frameworks */, C10000000000000000000023 /* Notification Resources */, ); buildRules = (); dependencies = (); name = LumiNotificationService; productName = LumiNotificationService; productReference = B10000000000000000000027 /* LumiNotificationService.appex */; productType = "com.apple.product-type.app-extension"; };
/* End PBXNativeTarget section */

/* Begin PBXTargetDependency section */
		F10000000000000000000002 /* LumiBroadcastUpload */ = {isa = PBXTargetDependency; target = D10000000000000000000005 /* LumiBroadcastUpload */; targetProxy = F10000000000000000000001 /* Proxy for LumiBroadcastUpload */; };
		F10000000000000000000003 /* LumiNotificationService */ = {isa = PBXTargetDependency; target = D10000000000000000000009 /* LumiNotificationService */; targetProxy = F10000000000000000000004 /* Proxy for LumiNotificationService */; };
		F10000000000000000000006 /* LumiWidget */ = {isa = PBXTargetDependency; target = D10000000000000000000007 /* LumiWidget */; targetProxy = F10000000000000000000005 /* Proxy for LumiWidget */; };
/* End PBXTargetDependency section */

/* Begin PBXProject section */
		D10000000000000000000003 /* Project object */ = {
			isa = PBXProject;
			attributes = {
				LastUpgradeCheck = 2700;
				TargetAttributes = {
					D10000000000000000000001 = {
						CreatedOnToolsVersion = 27.0;
						SystemCapabilities = {
							com.apple.Push = {
								enabled = 1;
							};
						};
					};
				D10000000000000000000005 = { CreatedOnToolsVersion = 27.0; };
				D10000000000000000000007 = { CreatedOnToolsVersion = 27.0; };
				D10000000000000000000009 = { CreatedOnToolsVersion = 27.0; };
				};
			};
			buildConfigurationList = D10000000000000000000004 /* Build configuration list for PBXProject "Lumi" */;
			compatibilityVersion = "Xcode 14.0";
			developmentRegion = en;
			hasScannedForEncodings = 0;
			knownRegions = (
				en,
				Base,
			);
			mainGroup = C10000000000000000000002;
			productRefGroup = C10000000000000000000007 /* Products */;
			projectDirPath = "";
			projectRoot = "";
			targets = (
				D10000000000000000000001 /* Lumi */,
				D10000000000000000000005 /* LumiBroadcastUpload */,
				D10000000000000000000007 /* LumiWidget */,
				D10000000000000000000009 /* LumiNotificationService */,
			);
		};
/* End PBXProject section */

/* Begin PBXResourcesBuildPhase section */
		C10000000000000000000010 /* Resources */ = {
			isa = PBXResourcesBuildPhase;
			buildActionMask = 2147483647;
			files = (
				A10000000000000000000007 /* UserAvatar.jpg in Resources */,
				A10000000000000000000008 /* AssistantAvatar.jpg in Resources */,
				A10000000000000000000014 /* top-icon-together.png in Resources */,
				A10000000000000000000015 /* top-icon-phone.png in Resources */,
				A10000000000000000000016 /* top-icon-settings.png in Resources */,
				A10000000000000000000009 /* Assets.xcassets in Resources */,
				A10000000000000000000013 /* PetAssets in Resources */,
			);
			runOnlyForDeploymentPostprocessing = 0;
		};
/* End PBXResourcesBuildPhase section */

/* Begin PBXShellScriptBuildPhase section */
		C10000000000000000000011 /* Embed Push API Token */ = {
			isa = PBXShellScriptBuildPhase;
			buildActionMask = 2147483647;
			files = (
			);
			inputPaths = (
			);
			name = "Embed Push API Token";
			outputPaths = ( );
			runOnlyForDeploymentPostprocessing = 0;
			shellPath = /bin/sh;
			shellScript = "set -eu\nif [ -z \"${LUMI_PUSH_API_TOKEN:-}\" ]; then\n  echo \"LUMI_PUSH_API_TOKEN is not set; skipping push authorization token.\"\n  exit 0\nfi\nplist=\"$TARGET_BUILD_DIR/$INFOPLIST_PATH\"\n/usr/libexec/PlistBuddy -c \"Set :LUMI_PUSH_API_TOKEN $LUMI_PUSH_API_TOKEN\" \"$plist\" 2>/dev/null || /usr/libexec/PlistBuddy -c \"Add :LUMI_PUSH_API_TOKEN string $LUMI_PUSH_API_TOKEN\" \"$plist\"\n";
		};
		C10000000000000000000012 /* Embed Broadcast Upload */ = {
			isa = PBXCopyFilesBuildPhase;
			buildActionMask = 2147483647;
			dstPath = "PlugIns";
			dstSubfolderSpec = 13;
			files = ( A10000000000000000000019 /* LumiBroadcastUpload.appex in Embed Broadcast Upload */, );
			runOnlyForDeploymentPostprocessing = 0;
		};
		C10000000000000000000013 /* Broadcast Sources */ = { isa = PBXSourcesBuildPhase; buildActionMask = 2147483647; files = ( A10000000000000000000018 /* LumiBroadcastUploadHandler.swift in Sources */, ); runOnlyForDeploymentPostprocessing = 0; };
		C10000000000000000000014 /* Broadcast Frameworks */ = { isa = PBXFrameworksBuildPhase; buildActionMask = 2147483647; files = (); runOnlyForDeploymentPostprocessing = 0; };
		C10000000000000000000024 /* Embed Notification Service */ = { isa = PBXCopyFilesBuildPhase; buildActionMask = 2147483647; dstPath = "PlugIns"; dstSubfolderSpec = 13; files = ( A10000000000000000000023 /* LumiNotificationService.appex in Embed Notification Service */, ); runOnlyForDeploymentPostprocessing = 0; };
		C10000000000000000000025 /* Embed Widget */ = { isa = PBXCopyFilesBuildPhase; buildActionMask = 2147483647; dstPath = "PlugIns"; dstSubfolderSpec = 13; files = ( A10000000000000000000024 /* LumiWidget.appex in Embed Widget */, ); runOnlyForDeploymentPostprocessing = 0; };
		C10000000000000000000017 /* Widget Sources */ = { isa = PBXSourcesBuildPhase; buildActionMask = 2147483647; files = ( A10000000000000000000020 /* LumiWidget.swift in Sources */, ); runOnlyForDeploymentPostprocessing = 0; };
		C10000000000000000000018 /* Widget Frameworks */ = { isa = PBXFrameworksBuildPhase; buildActionMask = 2147483647; files = (); runOnlyForDeploymentPostprocessing = 0; };
		C10000000000000000000019 /* Widget Resources */ = { isa = PBXResourcesBuildPhase; buildActionMask = 2147483647; files = (); runOnlyForDeploymentPostprocessing = 0; };
		C10000000000000000000021 /* Notification Sources */ = { isa = PBXSourcesBuildPhase; buildActionMask = 2147483647; files = ( A10000000000000000000021 /* NotificationService.swift in Sources */, ); runOnlyForDeploymentPostprocessing = 0; };
		C10000000000000000000022 /* Notification Frameworks */ = { isa = PBXFrameworksBuildPhase; buildActionMask = 2147483647; files = (); runOnlyForDeploymentPostprocessing = 0; };
		C10000000000000000000023 /* Notification Resources */ = { isa = PBXResourcesBuildPhase; buildActionMask = 2147483647; files = ( A10000000000000000000022 /* AssistantAvatar.jpg in Notification Resources */, ); runOnlyForDeploymentPostprocessing = 0; };
/* End PBXShellScriptBuildPhase section */

/* Begin PBXSourcesBuildPhase section */
		C10000000000000000000009 /* Sources */ = {
			isa = PBXSourcesBuildPhase;
			buildActionMask = 2147483647;
			files = (
				A10000000000000000000001 /* LumiApp.swift in Sources */,
				A10000000000000000000002 /* Preview.swift in Sources */,
				A10000000000000000000003 /* ChatModels.swift in Sources */,
				A10000000000000000000004 /* LumiAPIClient.swift in Sources */,
				A10000000000000000000005 /* ChatViewModel.swift in Sources */,
				A10000000000000000000006 /* ChatDetailView.swift in Sources */,
				A10000000000000000000010 /* TogetherGalleryStore.swift in Sources */,
				A10000000000000000000011 /* TogetherView.swift in Sources */,
				A10000000000000000000012 /* ClawdPetView.swift in Sources */,
				A10000000000000000000017 /* BroadcastPickerView.swift in Sources */,
			);
			runOnlyForDeploymentPostprocessing = 0;
		};
/* End PBXSourcesBuildPhase section */

/* Begin XCBuildConfiguration section */
		E10000000000000000000001 /* Debug */ = {
			isa = XCBuildConfiguration;
			buildSettings = {
				ALWAYS_SEARCH_USER_PATHS = NO;
				ASSETCATALOG_COMPILER_APPICON_NAME = AppIcon;
				ASSETCATALOG_COMPILER_GLOBAL_ACCENT_COLOR_NAME = AccentColor;
				CLANG_ENABLE_MODULES = YES;
				CODE_SIGN_ENTITLEMENTS = Lumi/LumiDebug.entitlements;
				CODE_SIGN_STYLE = Automatic;
				CURRENT_PROJECT_VERSION = 2;
				DEVELOPMENT_TEAM = RWRB87B53S;
				GENERATE_INFOPLIST_FILE = YES;
				INFOPLIST_KEY_CFBundleDisplayName = Lumi;
				INFOPLIST_KEY_LUMI_PUSH_API_TOKEN = "$(LUMI_PUSH_API_TOKEN)";
				INFOPLIST_KEY_NSMicrophoneUsageDescription = "Lumi 使用麦克风把通话中的声音转换为文字发送给沈屿。";
				INFOPLIST_KEY_NSSpeechRecognitionUsageDescription = "Lumi 使用语音识别把通话中的声音转换为文字发送给沈屿。";
				INFOPLIST_KEY_UIApplicationSceneManifest_Generation = YES;
				INFOPLIST_KEY_UILaunchScreen_Generation = YES;
				INFOPLIST_KEY_UIRequiresFullScreen = YES;
				IPHONEOS_DEPLOYMENT_TARGET = 17.0;
				MARKETING_VERSION = 1.0;
				PRODUCT_BUNDLE_IDENTIFIER = com.cai5232.LumiPush;
				PRODUCT_NAME = "$(TARGET_NAME)";
				SDKROOT = iphoneos;
				SUPPORTED_PLATFORMS = "iphonesimulator iphoneos";
				SWIFT_EMIT_LOC_STRINGS = YES;
				SWIFT_VERSION = 5.0;
				TARGETED_DEVICE_FAMILY = "1,2";
			};
			name = Debug;
		};
		E10000000000000000000002 /* Release */ = {
			isa = XCBuildConfiguration;
			buildSettings = {
				ALWAYS_SEARCH_USER_PATHS = NO;
				ASSETCATALOG_COMPILER_APPICON_NAME = AppIcon;
				ASSETCATALOG_COMPILER_GLOBAL_ACCENT_COLOR_NAME = AccentColor;
				CLANG_ENABLE_MODULES = YES;
				CODE_SIGN_ENTITLEMENTS = Lumi/LumiRelease.entitlements;
				CODE_SIGN_STYLE = Automatic;
				CURRENT_PROJECT_VERSION = 2;
				DEVELOPMENT_TEAM = RWRB87B53S;
				GENERATE_INFOPLIST_FILE = YES;
				INFOPLIST_KEY_CFBundleDisplayName = Lumi;
				INFOPLIST_KEY_LUMI_PUSH_API_TOKEN = "$(LUMI_PUSH_API_TOKEN)";
				INFOPLIST_KEY_NSMicrophoneUsageDescription = "Lumi 使用麦克风把通话中的声音转换为文字发送给沈屿。";
				INFOPLIST_KEY_NSSpeechRecognitionUsageDescription = "Lumi 使用语音识别把通话中的声音转换为文字发送给沈屿。";
				INFOPLIST_KEY_UIApplicationSceneManifest_Generation = YES;
				INFOPLIST_KEY_UILaunchScreen_Generation = YES;
				INFOPLIST_KEY_UIRequiresFullScreen = YES;
				IPHONEOS_DEPLOYMENT_TARGET = 17.0;
				MARKETING_VERSION = 1.0;
				PRODUCT_BUNDLE_IDENTIFIER = com.cai5232.LumiPush;
				PRODUCT_NAME = "$(TARGET_NAME)";
				SDKROOT = iphoneos;
				SUPPORTED_PLATFORMS = "iphonesimulator iphoneos";
				SWIFT_EMIT_LOC_STRINGS = YES;
				SWIFT_VERSION = 5.0;
				TARGETED_DEVICE_FAMILY = "1,2";
			};
			name = Release;
		};
		E10000000000000000000003 /* Debug */ = {
			isa = XCBuildConfiguration;
			buildSettings = {
				ALWAYS_SEARCH_USER_PATHS = NO;
				CLANG_ENABLE_MODULES = YES;
				SWIFT_VERSION = 5.0;
			};
			name = Debug;
		};
		E10000000000000000000004 /* Release */ = {
			isa = XCBuildConfiguration;
			buildSettings = {
				ALWAYS_SEARCH_USER_PATHS = NO;
				CLANG_ENABLE_MODULES = YES;
				SWIFT_VERSION = 5.0;
			};
			name = Release;
		};
		E10000000000000000000005 /* Broadcast Debug */ = { isa = XCBuildConfiguration; buildSettings = { CODE_SIGN_STYLE = Automatic; DEVELOPMENT_TEAM = RWRB87B53S; GENERATE_INFOPLIST_FILE = NO; INFOPLIST_FILE = Lumi/Broadcast/Info.plist; IPHONEOS_DEPLOYMENT_TARGET = 17.0; PRODUCT_BUNDLE_IDENTIFIER = com.cai5232.LumiPush.BroadcastUpload; PRODUCT_NAME = LumiBroadcastUpload; SDKROOT = iphoneos; SWIFT_VERSION = 5.0; TARGETED_DEVICE_FAMILY = "1,2"; }; name = Debug; };
		E10000000000000000000006 /* Broadcast Release */ = { isa = XCBuildConfiguration; buildSettings = { CODE_SIGN_STYLE = Automatic; DEVELOPMENT_TEAM = RWRB87B53S; GENERATE_INFOPLIST_FILE = NO; INFOPLIST_FILE = Lumi/Broadcast/Info.plist; IPHONEOS_DEPLOYMENT_TARGET = 17.0; PRODUCT_BUNDLE_IDENTIFIER = com.cai5232.LumiPush.BroadcastUpload; PRODUCT_NAME = LumiBroadcastUpload; SDKROOT = iphoneos; SWIFT_VERSION = 5.0; TARGETED_DEVICE_FAMILY = "1,2"; }; name = Release; };
		E10000000000000000000007 /* Widget Debug */ = { isa = XCBuildConfiguration; buildSettings = { CODE_SIGN_STYLE = Automatic; DEVELOPMENT_TEAM = RWRB87B53S; GENERATE_INFOPLIST_FILE = NO; INFOPLIST_FILE = LumiWidget/Info.plist; IPHONEOS_DEPLOYMENT_TARGET = 17.0; PRODUCT_BUNDLE_IDENTIFIER = com.cai5232.LumiPush.widget; PRODUCT_NAME = LumiWidget; SDKROOT = iphoneos; SWIFT_VERSION = 5.0; TARGETED_DEVICE_FAMILY = "1,2"; }; name = Debug; };
		E10000000000000000000008 /* Widget Release */ = { isa = XCBuildConfiguration; buildSettings = { CODE_SIGN_STYLE = Automatic; DEVELOPMENT_TEAM = RWRB87B53S; GENERATE_INFOPLIST_FILE = NO; INFOPLIST_FILE = LumiWidget/Info.plist; IPHONEOS_DEPLOYMENT_TARGET = 17.0; PRODUCT_BUNDLE_IDENTIFIER = com.cai5232.LumiPush.widget; PRODUCT_NAME = LumiWidget; SDKROOT = iphoneos; SWIFT_VERSION = 5.0; TARGETED_DEVICE_FAMILY = "1,2"; }; name = Release; };
		E10000000000000000000009 /* Notification Debug */ = { isa = XCBuildConfiguration; buildSettings = { CODE_SIGN_STYLE = Automatic; DEVELOPMENT_TEAM = RWRB87B53S; GENERATE_INFOPLIST_FILE = NO; INFOPLIST_FILE = LumiNotificationService/Info.plist; IPHONEOS_DEPLOYMENT_TARGET = 17.0; PRODUCT_BUNDLE_IDENTIFIER = com.cai5232.LumiPush.notification-service; PRODUCT_NAME = LumiNotificationService; SDKROOT = iphoneos; SWIFT_VERSION = 5.0; TARGETED_DEVICE_FAMILY = "1,2"; }; name = Debug; };
		E10000000000000000000010 /* Notification Release */ = { isa = XCBuildConfiguration; buildSettings = { CODE_SIGN_STYLE = Automatic; DEVELOPMENT_TEAM = RWRB87B53S; GENERATE_INFOPLIST_FILE = NO; INFOPLIST_FILE = LumiNotificationService/Info.plist; IPHONEOS_DEPLOYMENT_TARGET = 17.0; PRODUCT_BUNDLE_IDENTIFIER = com.cai5232.LumiPush.notification-service; PRODUCT_NAME = LumiNotificationService; SDKROOT = iphoneos; SWIFT_VERSION = 5.0; TARGETED_DEVICE_FAMILY = "1,2"; }; name = Release; };
/* End XCBuildConfiguration section */

/* Begin XCConfigurationList section */
		D10000000000000000000002 /* Build configuration list for PBXNativeTarget "Lumi" */ = {
			isa = XCConfigurationList;
			buildConfigurations = (
				E10000000000000000000001 /* Debug */,
				E10000000000000000000002 /* Release */,
			);
			defaultConfigurationIsVisible = 0;
			defaultConfigurationName = Release;
		};
		D10000000000000000000004 /* Build configuration list for PBXProject "Lumi" */ = {
			isa = XCConfigurationList;
			buildConfigurations = (
				E10000000000000000000003 /* Debug */,
				E10000000000000000000004 /* Release */,
			);
			defaultConfigurationIsVisible = 0;
			defaultConfigurationName = Release;
		};
		D10000000000000000000006 /* Build configuration list for PBXNativeTarget "LumiBroadcastUpload" */ = { isa = XCConfigurationList; buildConfigurations = ( E10000000000000000000005 /* Broadcast Debug */, E10000000000000000000006 /* Broadcast Release */, ); defaultConfigurationIsVisible = 0; defaultConfigurationName = Release; };
		D10000000000000000000008 /* Build configuration list for LumiWidget */ = { isa = XCConfigurationList; buildConfigurations = ( E10000000000000000000007 /* Widget Debug */, E10000000000000000000008 /* Widget Release */, ); defaultConfigurationIsVisible = 0; defaultConfigurationName = Release; };
		D10000000000000000000010 /* Build configuration list for NotificationService */ = { isa = XCConfigurationList; buildConfigurations = ( E10000000000000000000009 /* Notification Debug */, E10000000000000000000010 /* Notification Release */, ); defaultConfigurationIsVisible = 0; defaultConfigurationName = Release; };
/* End XCConfigurationList section */
	};
	rootObject = D10000000000000000000003 /* Project object */;
}
