// !$*UTF8*$!
{
	archiveVersion = 1;
	classes = {
	};
	objectVersion = 56;
	objects = {

/* Begin PBXBuildFile section */
		A10000000000000000000001 /* LumiApp.swift in Sources */ = {isa = PBXBuildFile; fileRef = B10000000000000000000001 /* LumiApp.swift */; };
		A10000000000000000000002 /* Preview.swift in Sources */ = {isa = PBXBuildFile; fileRef = B10000000000000000000002 /* Preview.swift */; };
		A10000000000000000000003 /* ChatModels.swift in Sources */ = {isa = PBXBuildFile; fileRef = B10000000000000000000003 /* ChatModels.swift */; };
		A10000000000000000000004 /* LumiAPIClient.swift in Sources */ = {isa = PBXBuildFile; fileRef = B10000000000000000000004 /* LumiAPIClient.swift */; };
		A10000000000000000000005 /* ChatViewModel.swift in Sources */ = {isa = PBXBuildFile; fileRef = B10000000000000000000005 /* ChatViewModel.swift */; };
		A10000000000000000000006 /* ChatDetailView.swift in Sources */ = {isa = PBXBuildFile; fileRef = B10000000000000000000006 /* ChatDetailView.swift */; };
		A10000000000000000000007 /* UserAvatar.jpg in Resources */ = {isa = PBXBuildFile; fileRef = B10000000000000000000008 /* UserAvatar.jpg */; };
		A10000000000000000000008 /* AssistantAvatar.jpg in Resources */ = {isa = PBXBuildFile; fileRef = B10000000000000000000009 /* AssistantAvatar.jpg */; };
		A10000000000000000000009 /* Assets.xcassets in Resources */ = {isa = PBXBuildFile; fileRef = B10000000000000000000010 /* Assets.xcassets */; };
/* End PBXBuildFile section */

/* Begin PBXFileReference section */
		B10000000000000000000001 /* LumiApp.swift */ = {isa = PBXFileReference; lastKnownFileType = sourcecode.swift; path = LumiApp.swift; sourceTree = "<group>"; };
		B10000000000000000000002 /* Preview.swift */ = {isa = PBXFileReference; lastKnownFileType = sourcecode.swift; path = Preview.swift; sourceTree = "<group>"; };
		B10000000000000000000003 /* ChatModels.swift */ = {isa = PBXFileReference; lastKnownFileType = sourcecode.swift; path = ChatModels.swift; sourceTree = "<group>"; };
		B10000000000000000000004 /* LumiAPIClient.swift */ = {isa = PBXFileReference; lastKnownFileType = sourcecode.swift; path = LumiAPIClient.swift; sourceTree = "<group>"; };
		B10000000000000000000005 /* ChatViewModel.swift */ = {isa = PBXFileReference; lastKnownFileType = sourcecode.swift; path = ChatViewModel.swift; sourceTree = "<group>"; };
		B10000000000000000000006 /* ChatDetailView.swift */ = {isa = PBXFileReference; lastKnownFileType = sourcecode.swift; path = ChatDetailView.swift; sourceTree = "<group>"; };
		B10000000000000000000008 /* UserAvatar.jpg */ = {isa = PBXFileReference; lastKnownFileType = image.jpeg; path = UserAvatar.jpg; sourceTree = "<group>"; };
		B10000000000000000000009 /* AssistantAvatar.jpg */ = {isa = PBXFileReference; lastKnownFileType = image.jpeg; path = AssistantAvatar.jpg; sourceTree = "<group>"; };
		B10000000000000000000010 /* Assets.xcassets */ = {isa = PBXFileReference; lastKnownFileType = folder.assetcatalog; path = Assets.xcassets; sourceTree = "<group>"; };
		B10000000000000000000007 /* Lumi.app */ = {isa = PBXFileReference; explicitFileType = wrapper.application; includeInIndex = 0; path = Lumi.app; sourceTree = BUILT_PRODUCTS_DIR; };
/* End PBXFileReference section */

/* Begin PBXFrameworksBuildPhase section */
		C10000000000000000000001 /* Frameworks */ = {
			isa = PBXFrameworksBuildPhase;
			buildActionMask = 2147483647;
			files = (
			);
			runOnlyForDeploymentPostprocessing = 0;
		};
/* End PBXFrameworksBuildPhase section */

/* Begin PBXGroup section */
		C10000000000000000000002 = {
			isa = PBXGroup;
			children = (
				C10000000000000000000008 /* Lumi */,
				C10000000000000000000007 /* Products */,
			);
			sourceTree = "<group>";
		};
		C10000000000000000000003 /* Models */ = {
			isa = PBXGroup;
			children = (
				B10000000000000000000003 /* ChatModels.swift */,
			);
			path = Models;
			sourceTree = "<group>";
		};
		C10000000000000000000004 /* Services */ = {
			isa = PBXGroup;
			children = (
				B10000000000000000000004 /* LumiAPIClient.swift */,
			);
			path = Services;
			sourceTree = "<group>";
		};
		C10000000000000000000005 /* ViewModels */ = {
			isa = PBXGroup;
			children = (
				B10000000000000000000005 /* ChatViewModel.swift */,
			);
			path = ViewModels;
			sourceTree = "<group>";
		};
		C10000000000000000000006 /* Views */ = {
			isa = PBXGroup;
			children = (
				B10000000000000000000006 /* ChatDetailView.swift */,
			);
			path = Views;
			sourceTree = "<group>";
		};
		C10000000000000000000007 /* Products */ = {
			isa = PBXGroup;
			children = (
				B10000000000000000000007 /* Lumi.app */,
			);
			name = Products;
			sourceTree = "<group>";
		};
		C10000000000000000000008 /* Lumi */ = {
			isa = PBXGroup;
			children = (
				B10000000000000000000001 /* LumiApp.swift */,
				B10000000000000000000002 /* Preview.swift */,
				B10000000000000000000008 /* UserAvatar.jpg */,
				B10000000000000000000009 /* AssistantAvatar.jpg */,
				B10000000000000000000010 /* Assets.xcassets */,
				C10000000000000000000003 /* Models */,
				C10000000000000000000004 /* Services */,
				C10000000000000000000005 /* ViewModels */,
				C10000000000000000000006 /* Views */,
			);
			path = Lumi;
			sourceTree = "<group>";
		};
/* End PBXGroup section */

/* Begin PBXNativeTarget section */
		D10000000000000000000001 /* Lumi */ = {
			isa = PBXNativeTarget;
			buildConfigurationList = D10000000000000000000002 /* Build configuration list for PBXNativeTarget "Lumi" */;
			buildPhases = (
				C10000000000000000000009 /* Sources */,
				C10000000000000000000001 /* Frameworks */,
				C10000000000000000000010 /* Resources */,
				C10000000000000000000011 /* Embed Push API Token */,
			);
			buildRules = (
			);
			dependencies = (
			);
			name = Lumi;
			productName = Lumi;
			productReference = B10000000000000000000007 /* Lumi.app */;
			productType = "com.apple.product-type.application";
		};
/* End PBXNativeTarget section */

/* Begin PBXProject section */
		D10000000000000000000003 /* Project object */ = {
			isa = PBXProject;
			attributes = {
				LastUpgradeCheck = 2700;
				TargetAttributes = {
					D10000000000000000000001 = {
						CreatedOnToolsVersion = 27.0;
						SystemCapabilities = {
							com.apple.Push = { enabled = 1; };
						};
					};
				};
			};
			buildConfigurationList = D10000000000000000000004 /* Build configuration list for PBXProject "Lumi" */;
			compatibilityVersion = "Xcode 14.0";
			developmentRegion = en;
			hasScannedForEncodings = 0;
			knownRegions = (
				en,
				Base,
			);
			mainGroup = C10000000000000000000002;
			productRefGroup = C10000000000000000000007 /* Products */;
			projectDirPath = "";
			projectRoot = "";
			targets = (
				D10000000000000000000001 /* Lumi */,
			);
		};
/* End PBXProject section */

/* Begin PBXResourcesBuildPhase section */
		C10000000000000000000010 /* Resources */ = {
			isa = PBXResourcesBuildPhase;
			buildActionMask = 2147483647;
			files = (
				A10000000000000000000007 /* UserAvatar.jpg in Resources */,
				A10000000000000000000008 /* AssistantAvatar.jpg in Resources */,
				A10000000000000000000009 /* Assets.xcassets in Resources */,
			);
			runOnlyForDeploymentPostprocessing = 0;
		};
		C10000000000000000000011 /* Embed Push API Token */ = {
			isa = PBXShellScriptBuildPhase;
			buildActionMask = 2147483647;
			files = (
			);
			inputPaths = (
			);
			name = "Embed Push API Token";
			outputPaths = (
			);
			runOnlyForDeploymentPostprocessing = 0;
			shellPath = /bin/sh;
			shellScript = "set -eu\nif [ -z \"${LUMI_PUSH_API_TOKEN:-}\" ]; then\n  echo \"LUMI_PUSH_API_TOKEN is not set; skipping push authorization token.\"\n  exit 0\nfi\nplist=\"$TARGET_BUILD_DIR/$INFOPLIST_PATH\"\n/usr/libexec/PlistBuddy -c \"Set :LUMI_PUSH_API_TOKEN $LUMI_PUSH_API_TOKEN\" \"$plist\" 2>/dev/null || /usr/libexec/PlistBuddy -c \"Add :LUMI_PUSH_API_TOKEN string $LUMI_PUSH_API_TOKEN\" \"$plist\"\n";
		};
/* End PBXResourcesBuildPhase section */

/* Begin PBXSourcesBuildPhase section */
		C10000000000000000000009 /* Sources */ = {
			isa = PBXSourcesBuildPhase;
			buildActionMask = 2147483647;
			files = (
				A10000000000000000000001 /* LumiApp.swift in Sources */,
				A10000000000000000000002 /* Preview.swift in Sources */,
				A10000000000000000000003 /* ChatModels.swift in Sources */,
				A10000000000000000000004 /* LumiAPIClient.swift in Sources */,
				A10000000000000000000005 /* ChatViewModel.swift in Sources */,
				A10000000000000000000006 /* ChatDetailView.swift in Sources */,
			);
			runOnlyForDeploymentPostprocessing = 0;
		};
/* End PBXSourcesBuildPhase section */

/* Begin XCBuildConfiguration section */
		E10000000000000000000001 /* Debug */ = {
			isa = XCBuildConfiguration;
			buildSettings = {
				ALWAYS_SEARCH_USER_PATHS = NO;
				ASSETCATALOG_COMPILER_GLOBAL_ACCENT_COLOR_NAME = AccentColor;
				ASSETCATALOG_COMPILER_APPICON_NAME = AppIcon;
				CLANG_ENABLE_MODULES = YES;
				CODE_SIGN_STYLE = Automatic;
				CURRENT_PROJECT_VERSION = 1;
				DEVELOPMENT_TEAM = RWRB87B53S;
				CODE_SIGN_ENTITLEMENTS = Lumi/LumiDebug.entitlements;
				GENERATE_INFOPLIST_FILE = YES;
				INFOPLIST_KEY_LUMI_PUSH_API_TOKEN = "$(LUMI_PUSH_API_TOKEN)";
				INFOPLIST_KEY_CFBundleDisplayName = Lumi;
				INFOPLIST_KEY_UILaunchScreen_Generation = YES;
				INFOPLIST_KEY_UIApplicationSceneManifest_Generation = YES;
				IPHONEOS_DEPLOYMENT_TARGET = 17.0;
				PRODUCT_BUNDLE_IDENTIFIER = com.cai5232.LumiPush;
				PRODUCT_NAME = "$(TARGET_NAME)";
				SDKROOT = iphoneos;
				SUPPORTED_PLATFORMS = "iphonesimulator iphoneos";
				SWIFT_EMIT_LOC_STRINGS = YES;
				SWIFT_VERSION = 5.0;
				TARGETED_DEVICE_FAMILY = "1,2";
			};
			name = Debug;
		};
		E10000000000000000000002 /* Release */ = {
			isa = XCBuildConfiguration;
			buildSettings = {
				ALWAYS_SEARCH_USER_PATHS = NO;
				ASSETCATALOG_COMPILER_GLOBAL_ACCENT_COLOR_NAME = AccentColor;
				ASSETCATALOG_COMPILER_APPICON_NAME = AppIcon;
				CLANG_ENABLE_MODULES = YES;
				CODE_SIGN_STYLE = Automatic;
				CURRENT_PROJECT_VERSION = 1;
				DEVELOPMENT_TEAM = RWRB87B53S;
				CODE_SIGN_ENTITLEMENTS = Lumi/LumiRelease.entitlements;
				GENERATE_INFOPLIST_FILE = YES;
				INFOPLIST_KEY_LUMI_PUSH_API_TOKEN = "$(LUMI_PUSH_API_TOKEN)";
				INFOPLIST_KEY_CFBundleDisplayName = Lumi;
				INFOPLIST_KEY_UILaunchScreen_Generation = YES;
				INFOPLIST_KEY_UIApplicationSceneManifest_Generation = YES;
				IPHONEOS_DEPLOYMENT_TARGET = 17.0;
				PRODUCT_BUNDLE_IDENTIFIER = com.cai5232.LumiPush;
				PRODUCT_NAME = "$(TARGET_NAME)";
				SDKROOT = iphoneos;
				SUPPORTED_PLATFORMS = "iphonesimulator iphoneos";
				SWIFT_EMIT_LOC_STRINGS = YES;
				SWIFT_VERSION = 5.0;
				TARGETED_DEVICE_FAMILY = "1,2";
			};
			name = Release;
		};
		E10000000000000000000003 /* Debug */ = {
			isa = XCBuildConfiguration;
			buildSettings = {
				ALWAYS_SEARCH_USER_PATHS = NO;
				CLANG_ENABLE_MODULES = YES;
				SWIFT_VERSION = 5.0;
			};
			name = Debug;
		};
		E10000000000000000000004 /* Release */ = {
			isa = XCBuildConfiguration;
			buildSettings = {
				ALWAYS_SEARCH_USER_PATHS = NO;
				CLANG_ENABLE_MODULES = YES;
				SWIFT_VERSION = 5.0;
			};
			name = Release;
		};
/* End XCBuildConfiguration section */

/* Begin XCConfigurationList section */
		D10000000000000000000002 /* Build configuration list for PBXNativeTarget "Lumi" */ = {
			isa = XCConfigurationList;
			buildConfigurations = (
				E10000000000000000000001 /* Debug */,
				E10000000000000000000002 /* Release */,
			);
			defaultConfigurationIsVisible = 0;
			defaultConfigurationName = Release;
		};
		D10000000000000000000004 /* Build configuration list for PBXProject "Lumi" */ = {
			isa = XCConfigurationList;
			buildConfigurations = (
				E10000000000000000000003 /* Debug */,
				E10000000000000000000004 /* Release */,
			);
			defaultConfigurationIsVisible = 0;
			defaultConfigurationName = Release;
		};
/* End XCConfigurationList section */
	};
	rootObject = D10000000000000000000003 /* Project object */;
}
